{
  "name": "dia-02-bibliotecas-javascript-e-frameworks-css",
  "lockfileVersion": 2,
  "requires": true,
  "packages": {
    "": {
      "dependencies": {
        "datepickerx": "github:AlexKrupko/DatePickerX"
      }
    },
    "node_modules/datepickerx": {
      "version": "1.1.1",
      "resolved": "git+ssh://git@github.com/AlexKrupko/DatePickerX.git#a5ae3b0d0cb99bf69d9cfad4702c9f3de1c7311b",
      "license": "MIT"
    }
  },
  "dependencies": {
    "datepickerx": {
      "version": "git+ssh://git@github.com/AlexKrupko/DatePickerX.git#a5ae3b0d0cb99bf69d9cfad4702c9f3de1c7311b",
      "from": "datepickerx@https://github.com/AlexKrupko/DatePickerX"
    }
  }
}
